
Microsoft Visual Studio Solution File, Format Version 12.00
# Visual Studio Version 16
VisualStudioVersion = 16.0.29827.131
MinimumVisualStudioVersion = 10.0.40219.1
Project("{FAE04EC0-301F-11D3-BF4B-00C04F79EFBC}") = "TP01", "TP01\TP01.csproj", "{73C823D0-8229-4FFC-A64E-062B269ECA03}"
EndProject
Global
	GlobalSection(SolutionConfigurationPlatforms) = preSolution
		Debug|Any CPU = Debug|Any CPU
		Release|Any CPU = Release|Any CPU
	EndGlobalSection
	GlobalSection(ProjectConfigurationPlatforms) = postSolution
		{73C823D0-8229-4FFC-A64E-062B269ECA03}.Debug|Any CPU.ActiveCfg = Debug|Any CPU
		{73C823D0-8229-4FFC-A64E-062B269ECA03}.Debug|Any CPU.Build.0 = Debug|Any CPU
		{73C823D0-8229-4FFC-A64E-062B269ECA03}.Release|Any CPU.ActiveCfg = Release|Any CPU
		{73C823D0-8229-4FFC-A64E-062B269ECA03}.Release|Any CPU.Build.0 = Release|Any CPU
	EndGlobalSection
	GlobalSection(SolutionProperties) = preSolution
		HideSolutionNode = FALSE
	EndGlobalSection
	GlobalSection(ExtensibilityGlobals) = postSolution
		SolutionGuid = {EF2F2214-B745-4405-B0CA-0DE1C0E828B4}
	EndGlobalSection
EndGlobal
